
Microsoft Visual Studio Solution File, Format Version 12.00
# Visual Studio 14
VisualStudioVersion = 14.0.25123.0
MinimumVisualStudioVersion = 10.0.40219.1
Project("{F2A71F9B-5D33-465A-A702-920D77279786}") = "OcrApp", "OcrApp\OcrApp.fsproj", "{BA978D47-FB92-4FD3-B45E-A1361326EF75}"
EndProject
Global
	GlobalSection(SolutionConfigurationPlatforms) = preSolution
		Debug|Any CPU = Debug|Any CPU
		Release|Any CPU = Release|Any CPU
	EndGlobalSection
	GlobalSection(ProjectConfigurationPlatforms) = postSolution
		{BA978D47-FB92-4FD3-B45E-A1361326EF75}.Debug|Any CPU.ActiveCfg = Debug|Any CPU
		{BA978D47-FB92-4FD3-B45E-A1361326EF75}.Debug|Any CPU.Build.0 = Debug|Any CPU
		{BA978D47-FB92-4FD3-B45E-A1361326EF75}.Release|Any CPU.ActiveCfg = Release|Any CPU
		{BA978D47-FB92-4FD3-B45E-A1361326EF75}.Release|Any CPU.Build.0 = Release|Any CPU
	EndGlobalSection
	GlobalSection(SolutionProperties) = preSolution
		HideSolutionNode = FALSE
	EndGlobalSection
EndGlobal
