
Microsoft Visual Studio Solution File, Format Version 12.00
# Visual Studio 14
VisualStudioVersion = 14.0.25123.0
MinimumVisualStudioVersion = 10.0.40219.1
Project("{F2A71F9B-5D33-465A-A702-920D77279786}") = "Core", "Core\Core.fsproj", "{9D377418-5D60-4D97-A3BF-CAD26B86B6FA}"
EndProject
Project("{F2A71F9B-5D33-465A-A702-920D77279786}") = "Selfhost", "Selfhost\Selfhost.fsproj", "{294E6B31-48EB-4A45-B677-7FC71217DAAD}"
EndProject
Project("{FAE04EC0-301F-11D3-BF4B-00C04F79EFBC}") = "ImageTools", "ImageTools\ImageTools.csproj", "{E9D61D2D-D883-4404-9096-B7741FA0F1F4}"
EndProject
Global
	GlobalSection(SolutionConfigurationPlatforms) = preSolution
		Debug|Any CPU = Debug|Any CPU
		Release|Any CPU = Release|Any CPU
	EndGlobalSection
	GlobalSection(ProjectConfigurationPlatforms) = postSolution
		{9D377418-5D60-4D97-A3BF-CAD26B86B6FA}.Debug|Any CPU.ActiveCfg = Debug|Any CPU
		{9D377418-5D60-4D97-A3BF-CAD26B86B6FA}.Debug|Any CPU.Build.0 = Debug|Any CPU
		{9D377418-5D60-4D97-A3BF-CAD26B86B6FA}.Release|Any CPU.ActiveCfg = Release|Any CPU
		{9D377418-5D60-4D97-A3BF-CAD26B86B6FA}.Release|Any CPU.Build.0 = Release|Any CPU
		{294E6B31-48EB-4A45-B677-7FC71217DAAD}.Debug|Any CPU.ActiveCfg = Debug|Any CPU
		{294E6B31-48EB-4A45-B677-7FC71217DAAD}.Debug|Any CPU.Build.0 = Debug|Any CPU
		{294E6B31-48EB-4A45-B677-7FC71217DAAD}.Release|Any CPU.ActiveCfg = Release|Any CPU
		{294E6B31-48EB-4A45-B677-7FC71217DAAD}.Release|Any CPU.Build.0 = Release|Any CPU
		{E9D61D2D-D883-4404-9096-B7741FA0F1F4}.Debug|Any CPU.ActiveCfg = Debug|Any CPU
		{E9D61D2D-D883-4404-9096-B7741FA0F1F4}.Debug|Any CPU.Build.0 = Debug|Any CPU
		{E9D61D2D-D883-4404-9096-B7741FA0F1F4}.Release|Any CPU.ActiveCfg = Release|Any CPU
		{E9D61D2D-D883-4404-9096-B7741FA0F1F4}.Release|Any CPU.Build.0 = Release|Any CPU
	EndGlobalSection
	GlobalSection(SolutionProperties) = preSolution
		HideSolutionNode = FALSE
	EndGlobalSection
EndGlobal
